{
  "name": "mycard",
  "version": "3.0.0-dev.4",
  "dependencies": {
    "@angular/common": {
      "version": "2.1.2",
      "from": "@angular/common@latest",
      "resolved": "https://registry.npmjs.org/@angular/common/-/common-2.1.2.tgz"
    },
    "@angular/compiler": {
      "version": "2.1.2",
      "from": "@angular/compiler@latest",
      "resolved": "https://registry.npmjs.org/@angular/compiler/-/compiler-2.1.2.tgz"
    },
    "@angular/core": {
      "version": "2.1.2",
      "from": "@angular/core@latest",
      "resolved": "https://registry.npmjs.org/@angular/core/-/core-2.1.2.tgz"
    },
    "@angular/forms": {
      "version": "2.1.2",
      "from": "@angular/forms@latest",
      "resolved": "https://registry.npmjs.org/@angular/forms/-/forms-2.1.2.tgz"
    },
    "@angular/http": {
      "version": "2.1.2",
      "from": "@angular/http@latest",
      "resolved": "https://registry.npmjs.org/@angular/http/-/http-2.1.2.tgz"
    },
    "@angular/platform-browser": {
      "version": "2.1.2",
      "from": "@angular/platform-browser@latest",
      "resolved": "https://registry.npmjs.org/@angular/platform-browser/-/platform-browser-2.1.2.tgz"
    },
    "@angular/platform-browser-dynamic": {
      "version": "2.1.2",
      "from": "@angular/platform-browser-dynamic@latest",
      "resolved": "https://registry.npmjs.org/@angular/platform-browser-dynamic/-/platform-browser-dynamic-2.1.2.tgz"
    },
    "@angular/router": {
      "version": "3.1.2",
      "from": "@angular/router@latest",
      "resolved": "https://registry.npmjs.org/@angular/router/-/router-3.1.2.tgz"
    },
    "@angular/router-deprecated": {
      "version": "2.0.0-rc.2",
      "from": "@angular/router-deprecated@latest",
      "resolved": "https://registry.npmjs.org/@angular/router-deprecated/-/router-deprecated-2.0.0-rc.2.tgz"
    },
    "@angular/upgrade": {
      "version": "2.1.2",
      "from": "@angular/upgrade@latest",
      "resolved": "https://registry.npmjs.org/@angular/upgrade/-/upgrade-2.1.2.tgz"
    },
    "angular2-in-memory-web-api": {
      "version": "0.0.21",
      "from": "angular2-in-memory-web-api@latest",
      "resolved": "https://registry.npmjs.org/angular2-in-memory-web-api/-/angular2-in-memory-web-api-0.0.21.tgz"
    },
    "aria2": {
      "version": "3.0.0",
      "from": "aria2@latest",
      "resolved": "https://registry.npmjs.org/aria2/-/aria2-3.0.0.tgz"
    },
    "bluebird": {
      "version": "3.4.6",
      "from": "bluebird@>=3.4.6 <4.0.0",
      "resolved": "https://registry.npmjs.org/bluebird/-/bluebird-3.4.6.tgz"
    },
    "bootstrap": {
      "version": "4.0.0-alpha.5",
      "from": "bootstrap@next",
      "resolved": "https://registry.npmjs.org/bootstrap/-/bootstrap-4.0.0-alpha.5.tgz"
    },
    "commander": {
      "version": "2.9.0",
      "from": "commander@>=2.9.0 <3.0.0",
      "resolved": "https://registry.npmjs.org/commander/-/commander-2.9.0.tgz"
    },
    "core-js": {
      "version": "2.4.1",
      "from": "core-js@latest",
      "resolved": "https://registry.npmjs.org/core-js/-/core-js-2.4.1.tgz"
    },
    "electron-sudo": {
      "version": "4.0.7",
      "from": "electron-sudo@latest",
      "resolved": "https://registry.npmjs.org/electron-sudo/-/electron-sudo-4.0.7.tgz"
    },
    "encoding": {
      "version": "0.1.12",
      "from": "encoding@>=0.1.11 <0.2.0",
      "resolved": "https://registry.npmjs.org/encoding/-/encoding-0.1.12.tgz"
    },
    "font-awesome": {
      "version": "4.7.0",
      "from": "font-awesome@latest",
      "resolved": "https://registry.npmjs.org/font-awesome/-/font-awesome-4.7.0.tgz"
    },
    "graceful-readlink": {
      "version": "1.0.1",
      "from": "graceful-readlink@>=1.0.0",
      "resolved": "https://registry.npmjs.org/graceful-readlink/-/graceful-readlink-1.0.1.tgz"
    },
    "iconv-lite": {
      "version": "0.4.13",
      "from": "iconv-lite@>=0.4.13 <0.5.0",
      "resolved": "https://registry.npmjs.org/iconv-lite/-/iconv-lite-0.4.13.tgz"
    },
    "ini": {
      "version": "1.3.4",
      "from": "ini@latest",
      "resolved": "https://registry.npmjs.org/ini/-/ini-1.3.4.tgz"
    },
    "is-stream": {
      "version": "1.1.0",
      "from": "is-stream@>=1.0.1 <2.0.0",
      "resolved": "https://registry.npmjs.org/is-stream/-/is-stream-1.1.0.tgz"
    },
    "jquery": {
      "version": "3.1.1",
      "from": "jquery@>=1.9.1 <4.0.0",
      "resolved": "https://registry.npmjs.org/jquery/-/jquery-3.1.1.tgz"
    },
    "minimist": {
      "version": "0.0.8",
      "from": "minimist@0.0.8",
      "resolved": "https://registry.npmjs.org/minimist/-/minimist-0.0.8.tgz"
    },
    "mkdirp": {
      "version": "0.5.1",
      "from": "mkdirp@latest",
      "resolved": "https://registry.npmjs.org/mkdirp/-/mkdirp-0.5.1.tgz"
    },
    "nan": {
      "version": "2.3.5",
      "from": "nan@>=2.3.0 <2.4.0",
      "resolved": "https://registry.npmjs.org/nan/-/nan-2.3.5.tgz"
    },
    "ng2-translate": {
      "version": "3.1.3",
      "from": "ng2-translate@latest",
      "resolved": "https://registry.npmjs.org/ng2-translate/-/ng2-translate-3.1.3.tgz"
    },
    "node-fetch": {
      "version": "1.6.3",
      "from": "node-fetch@>=1.6.3 <2.0.0",
      "resolved": "https://registry.npmjs.org/node-fetch/-/node-fetch-1.6.3.tgz"
    },
    "options": {
      "version": "0.0.6",
      "from": "options@>=0.0.5",
      "resolved": "https://registry.npmjs.org/options/-/options-0.0.6.tgz"
    },
    "polygoat": {
      "version": "1.1.4",
      "from": "polygoat@>=1.1.4 <2.0.0",
      "resolved": "https://registry.npmjs.org/polygoat/-/polygoat-1.1.4.tgz"
    },
    "raw-socket": {
      "version": "1.5.0",
      "from": "raw-socket@latest",
      "resolved": "https://registry.npmjs.org/raw-socket/-/raw-socket-1.5.0.tgz"
    },
    "reflect-metadata": {
      "version": "0.1.8",
      "from": "reflect-metadata@latest",
      "resolved": "https://registry.npmjs.org/reflect-metadata/-/reflect-metadata-0.1.8.tgz"
    },
    "regenerator-runtime": {
      "version": "0.9.5",
      "from": "regenerator-runtime@latest",
      "resolved": "https://registry.npmjs.org/regenerator-runtime/-/regenerator-runtime-0.9.5.tgz"
    },
    "rxjs": {
      "version": "5.0.0-beta.12",
      "from": "rxjs@5.0.0-beta.12",
      "resolved": "https://registry.npmjs.org/rxjs/-/rxjs-5.0.0-beta.12.tgz"
    },
    "symbol-observable": {
      "version": "1.0.4",
      "from": "symbol-observable@>=1.0.1 <2.0.0",
      "resolved": "https://registry.npmjs.org/symbol-observable/-/symbol-observable-1.0.4.tgz"
    },
    "systemjs": {
      "version": "0.19.40",
      "from": "systemjs@latest",
      "resolved": "https://registry.npmjs.org/systemjs/-/systemjs-0.19.40.tgz"
    },
    "tether": {
      "version": "1.3.7",
      "from": "tether@latest",
      "resolved": "https://registry.npmjs.org/tether/-/tether-1.3.7.tgz"
    },
    "ultron": {
      "version": "1.0.2",
      "from": "ultron@>=1.0.0 <1.1.0",
      "resolved": "https://registry.npmjs.org/ultron/-/ultron-1.0.2.tgz"
    },
    "when": {
      "version": "3.7.7",
      "from": "when@>=3.7.5 <4.0.0",
      "resolved": "https://registry.npmjs.org/when/-/when-3.7.7.tgz"
    },
    "ws": {
      "version": "1.1.1",
      "from": "ws@>=1.1.1 <2.0.0",
      "resolved": "https://registry.npmjs.org/ws/-/ws-1.1.1.tgz"
    },
    "zone.js": {
      "version": "0.6.26",
      "from": "zone.js@latest",
      "resolved": "https://registry.npmjs.org/zone.js/-/zone.js-0.6.26.tgz"
    }
  }
}
